
Microsoft Visual Studio Solution File, Format Version 12.00
# Visual Studio 15
VisualStudioVersion = 15.0.27703.1
MinimumVisualStudioVersion = 10.0.40219.1
Project("{FAE04EC0-301F-11D3-BF4B-00C04F79EFBC}") = "DemoProject2Halak", "DemoProject2Halak\DemoProject2Halak.csproj", "{8A2FA794-ABB8-4BB6-8895-323B0AF6CA7A}"
EndProject
Project("{FAE04EC0-301F-11D3-BF4B-00C04F79EFBC}") = "UnitTestsHalak", "UnitTestsHalak\UnitTestsHalak.csproj", "{9EC28112-7BE3-4D6D-913C-7DCD71A636BB}"
EndProject
Global
	GlobalSection(SolutionConfigurationPlatforms) = preSolution
		Debug|Any CPU = Debug|Any CPU
		Release|Any CPU = Release|Any CPU
	EndGlobalSection
	GlobalSection(ProjectConfigurationPlatforms) = postSolution
		{8A2FA794-ABB8-4BB6-8895-323B0AF6CA7A}.Debug|Any CPU.ActiveCfg = Debug|Any CPU
		{8A2FA794-ABB8-4BB6-8895-323B0AF6CA7A}.Debug|Any CPU.Build.0 = Debug|Any CPU
		{8A2FA794-ABB8-4BB6-8895-323B0AF6CA7A}.Release|Any CPU.ActiveCfg = Release|Any CPU
		{8A2FA794-ABB8-4BB6-8895-323B0AF6CA7A}.Release|Any CPU.Build.0 = Release|Any CPU
		{9EC28112-7BE3-4D6D-913C-7DCD71A636BB}.Debug|Any CPU.ActiveCfg = Debug|Any CPU
		{9EC28112-7BE3-4D6D-913C-7DCD71A636BB}.Debug|Any CPU.Build.0 = Debug|Any CPU
		{9EC28112-7BE3-4D6D-913C-7DCD71A636BB}.Release|Any CPU.ActiveCfg = Release|Any CPU
		{9EC28112-7BE3-4D6D-913C-7DCD71A636BB}.Release|Any CPU.Build.0 = Release|Any CPU
	EndGlobalSection
	GlobalSection(SolutionProperties) = preSolution
		HideSolutionNode = FALSE
	EndGlobalSection
	GlobalSection(ExtensibilityGlobals) = postSolution
		SolutionGuid = {04289B24-EEEB-4048-AD89-6F099ED08BE4}
	EndGlobalSection
EndGlobal
